
Microsoft Visual Studio Solution File, Format Version 12.00
# Visual Studio Version 17
VisualStudioVersion = 17.11.35222.181
MinimumVisualStudioVersion = 10.0.40219.1
Project("{9A19103F-16F7-4668-BE54-9A1E7A4F7556}") = "quizlandia-back", "quizlandia-back.csproj", "{DDE35EC0-A214-418C-9440-3D9186A28580}"
EndProject
Global
	GlobalSection(SolutionConfigurationPlatforms) = preSolution
		Debug|Any CPU = Debug|Any CPU
		Release|Any CPU = Release|Any CPU
	EndGlobalSection
	GlobalSection(ProjectConfigurationPlatforms) = postSolution
		{DDE35EC0-A214-418C-9440-3D9186A28580}.Debug|Any CPU.ActiveCfg = Debug|Any CPU
		{DDE35EC0-A214-418C-9440-3D9186A28580}.Debug|Any CPU.Build.0 = Debug|Any CPU
		{DDE35EC0-A214-418C-9440-3D9186A28580}.Release|Any CPU.ActiveCfg = Release|Any CPU
		{DDE35EC0-A214-418C-9440-3D9186A28580}.Release|Any CPU.Build.0 = Release|Any CPU
	EndGlobalSection
	GlobalSection(SolutionProperties) = preSolution
		HideSolutionNode = FALSE
	EndGlobalSection
	GlobalSection(ExtensibilityGlobals) = postSolution
		SolutionGuid = {827F61A0-394E-4CD0-8A81-4D4FF31C0D62}
	EndGlobalSection
EndGlobal
